
Microsoft Visual Studio Solution File, Format Version 12.00
# Visual Studio Version 17
VisualStudioVersion = 17.5.002.0
MinimumVisualStudioVersion = 10.0.40219.1
Project("{9A19103F-16F7-4668-BE54-9A1E7A4F7556}") = "JokesWebApp", "JokesWebApp.csproj", "{114C81B2-9588-47A0-AD17-B2805FDA0F2D}"
EndProject
Global
	GlobalSection(SolutionConfigurationPlatforms) = preSolution
		Debug|Any CPU = Debug|Any CPU
		Release|Any CPU = Release|Any CPU
	EndGlobalSection
	GlobalSection(ProjectConfigurationPlatforms) = postSolution
		{114C81B2-9588-47A0-AD17-B2805FDA0F2D}.Debug|Any CPU.ActiveCfg = Debug|Any CPU
		{114C81B2-9588-47A0-AD17-B2805FDA0F2D}.Debug|Any CPU.Build.0 = Debug|Any CPU
		{114C81B2-9588-47A0-AD17-B2805FDA0F2D}.Release|Any CPU.ActiveCfg = Release|Any CPU
		{114C81B2-9588-47A0-AD17-B2805FDA0F2D}.Release|Any CPU.Build.0 = Release|Any CPU
	EndGlobalSection
	GlobalSection(SolutionProperties) = preSolution
		HideSolutionNode = FALSE
	EndGlobalSection
	GlobalSection(ExtensibilityGlobals) = postSolution
		SolutionGuid = {F40D1B42-1A58-4471-B5A4-321648FF0B33}
	EndGlobalSection
EndGlobal
